// !$*UTF8*$!
{
	archiveVersion = 1;
	classes = {
	};
	objectVersion = 48;
	objects = {

/* Begin PBXBuildFile section */
		083E2FAE2045A079009554E2 /* AppDelegate.swift in Sources */ = {isa = PBXBuildFile; fileRef = 083E2FAD2045A079009554E2 /* AppDelegate.swift */; };
		083E2FB02045A079009554E2 /* GameViewController.swift in Sources */ = {isa = PBXBuildFile; fileRef = 083E2FAF2045A079009554E2 /* GameViewController.swift */; };
		083E2FB22045A079009554E2 /* art.scnassets in Resources */ = {isa = PBXBuildFile; fileRef = 083E2FB12045A079009554E2 /* art.scnassets */; };
		083E2FB42045A079009554E2 /* Assets.xcassets in Resources */ = {isa = PBXBuildFile; fileRef = 083E2FB32045A079009554E2 /* Assets.xcassets */; };
		083E2FB72045A079009554E2 /* Main.storyboard in Resources */ = {isa = PBXBuildFile; fileRef = 083E2FB52045A079009554E2 /* Main.storyboard */; };
		083E2FC32045A144009554E2 /* Floor.swift in Sources */ = {isa = PBXBuildFile; fileRef = 083E2FC22045A144009554E2 /* Floor.swift */; };
		083E2FC52045A159009554E2 /* Track.swift in Sources */ = {isa = PBXBuildFile; fileRef = 083E2FC42045A159009554E2 /* Track.swift */; };
		083E2FC72045A293009554E2 /* Scene.swift in Sources */ = {isa = PBXBuildFile; fileRef = 083E2FC62045A293009554E2 /* Scene.swift */; };
		083E2FC92045A6C5009554E2 /* SCNVector3+MathUtils.swift in Sources */ = {isa = PBXBuildFile; fileRef = 083E2FC82045A6C5009554E2 /* SCNVector3+MathUtils.swift */; };
		083E2FCB2045A9CC009554E2 /* skybox.scnassets in Resources */ = {isa = PBXBuildFile; fileRef = 083E2FCA2045A9CC009554E2 /* skybox.scnassets */; };
/* End PBXBuildFile section */

/* Begin PBXFileReference section */
		083E2FAA2045A079009554E2 /* DriftCar.app */ = {isa = PBXFileReference; explicitFileType = wrapper.application; includeInIndex = 0; path = DriftCar.app; sourceTree = BUILT_PRODUCTS_DIR; };
		083E2FAD2045A079009554E2 /* AppDelegate.swift */ = {isa = PBXFileReference; lastKnownFileType = sourcecode.swift; path = AppDelegate.swift; sourceTree = "<group>"; };
		083E2FAF2045A079009554E2 /* GameViewController.swift */ = {isa = PBXFileReference; lastKnownFileType = sourcecode.swift; path = GameViewController.swift; sourceTree = "<group>"; };
		083E2FB12045A079009554E2 /* art.scnassets */ = {isa = PBXFileReference; lastKnownFileType = wrapper.scnassets; path = art.scnassets; sourceTree = "<group>"; };
		083E2FB32045A079009554E2 /* Assets.xcassets */ = {isa = PBXFileReference; lastKnownFileType = folder.assetcatalog; path = Assets.xcassets; sourceTree = "<group>"; };
		083E2FB62045A079009554E2 /* Base */ = {isa = PBXFileReference; lastKnownFileType = file.storyboard; name = Base; path = Base.lproj/Main.storyboard; sourceTree = "<group>"; };
		083E2FB82045A079009554E2 /* Info.plist */ = {isa = PBXFileReference; lastKnownFileType = text.plist.xml; path = Info.plist; sourceTree = "<group>"; };
		083E2FB92045A079009554E2 /* DriftCar.entitlements */ = {isa = PBXFileReference; lastKnownFileType = text.plist.entitlements; path = DriftCar.entitlements; sourceTree = "<group>"; };
		083E2FC22045A144009554E2 /* Floor.swift */ = {isa = PBXFileReference; lastKnownFileType = sourcecode.swift; path = Floor.swift; sourceTree = "<group>"; };
		083E2FC42045A159009554E2 /* Track.swift */ = {isa = PBXFileReference; lastKnownFileType = sourcecode.swift; path = Track.swift; sourceTree = "<group>"; };
		083E2FC62045A293009554E2 /* Scene.swift */ = {isa = PBXFileReference; lastKnownFileType = sourcecode.swift; path = Scene.swift; sourceTree = "<group>"; };
		083E2FC82045A6C5009554E2 /* SCNVector3+MathUtils.swift */ = {isa = PBXFileReference; lastKnownFileType = sourcecode.swift; path = "SCNVector3+MathUtils.swift"; sourceTree = "<group>"; };
		083E2FCA2045A9CC009554E2 /* skybox.scnassets */ = {isa = PBXFileReference; lastKnownFileType = wrapper.scnassets; path = skybox.scnassets; sourceTree = "<group>"; };
/* End PBXFileReference section */

/* Begin PBXFrameworksBuildPhase section */
		083E2FA72045A079009554E2 /* Frameworks */ = {
			isa = PBXFrameworksBuildPhase;
			buildActionMask = 2147483647;
			files = (
			);
			runOnlyForDeploymentPostprocessing = 0;
		};
/* End PBXFrameworksBuildPhase section */

/* Begin PBXGroup section */
		083E2FA12045A079009554E2 = {
			isa = PBXGroup;
			children = (
				083E2FAC2045A079009554E2 /* DriftCar */,
				083E2FAB2045A079009554E2 /* Products */,
			);
			sourceTree = "<group>";
		};
		083E2FAB2045A079009554E2 /* Products */ = {
			isa = PBXGroup;
			children = (
				083E2FAA2045A079009554E2 /* DriftCar.app */,
			);
			name = Products;
			sourceTree = "<group>";
		};
		083E2FAC2045A079009554E2 /* DriftCar */ = {
			isa = PBXGroup;
			children = (
				083E2FC62045A293009554E2 /* Scene.swift */,
				083E2FC12045A102009554E2 /* Nodes */,
				083E2FAD2045A079009554E2 /* AppDelegate.swift */,
				083E2FAF2045A079009554E2 /* GameViewController.swift */,
				083E2FC82045A6C5009554E2 /* SCNVector3+MathUtils.swift */,
				083E2FB12045A079009554E2 /* art.scnassets */,
				083E2FCA2045A9CC009554E2 /* skybox.scnassets */,
				083E2FB32045A079009554E2 /* Assets.xcassets */,
				083E2FB52045A079009554E2 /* Main.storyboard */,
				083E2FB82045A079009554E2 /* Info.plist */,
				083E2FB92045A079009554E2 /* DriftCar.entitlements */,
			);
			path = DriftCar;
			sourceTree = "<group>";
		};
		083E2FC12045A102009554E2 /* Nodes */ = {
			isa = PBXGroup;
			children = (
				083E2FC22045A144009554E2 /* Floor.swift */,
				083E2FC42045A159009554E2 /* Track.swift */,
			);
			name = Nodes;
			sourceTree = "<group>";
		};
/* End PBXGroup section */

/* Begin PBXNativeTarget section */
		083E2FA92045A079009554E2 /* DriftCar */ = {
			isa = PBXNativeTarget;
			buildConfigurationList = 083E2FBC2045A079009554E2 /* Build configuration list for PBXNativeTarget "DriftCar" */;
			buildPhases = (
				083E2FA62045A079009554E2 /* Sources */,
				083E2FA72045A079009554E2 /* Frameworks */,
				083E2FA82045A079009554E2 /* Resources */,
			);
			buildRules = (
			);
			dependencies = (
			);
			name = DriftCar;
			productName = DriftCar;
			productReference = 083E2FAA2045A079009554E2 /* DriftCar.app */;
			productType = "com.apple.product-type.application";
		};
/* End PBXNativeTarget section */

/* Begin PBXProject section */
		083E2FA22045A079009554E2 /* Project object */ = {
			isa = PBXProject;
			attributes = {
				LastSwiftUpdateCheck = 0920;
				LastUpgradeCheck = 0920;
				ORGANIZATIONNAME = "Krystian Śliwa";
				TargetAttributes = {
					083E2FA92045A079009554E2 = {
						CreatedOnToolsVersion = 9.2;
						ProvisioningStyle = Automatic;
					};
				};
			};
			buildConfigurationList = 083E2FA52045A079009554E2 /* Build configuration list for PBXProject "DriftCar" */;
			compatibilityVersion = "Xcode 8.0";
			developmentRegion = en;
			hasScannedForEncodings = 0;
			knownRegions = (
				en,
				Base,
			);
			mainGroup = 083E2FA12045A079009554E2;
			productRefGroup = 083E2FAB2045A079009554E2 /* Products */;
			projectDirPath = "";
			projectRoot = "";
			targets = (
				083E2FA92045A079009554E2 /* DriftCar */,
			);
		};
/* End PBXProject section */

/* Begin PBXResourcesBuildPhase section */
		083E2FA82045A079009554E2 /* Resources */ = {
			isa = PBXResourcesBuildPhase;
			buildActionMask = 2147483647;
			files = (
				083E2FB72045A079009554E2 /* Main.storyboard in Resources */,
				083E2FCB2045A9CC009554E2 /* skybox.scnassets in Resources */,
				083E2FB42045A079009554E2 /* Assets.xcassets in Resources */,
				083E2FB22045A079009554E2 /* art.scnassets in Resources */,
			);
			runOnlyForDeploymentPostprocessing = 0;
		};
/* End PBXResourcesBuildPhase section */

/* Begin PBXSourcesBuildPhase section */
		083E2FA62045A079009554E2 /* Sources */ = {
			isa = PBXSourcesBuildPhase;
			buildActionMask = 2147483647;
			files = (
				083E2FC92045A6C5009554E2 /* SCNVector3+MathUtils.swift in Sources */,
				083E2FC32045A144009554E2 /* Floor.swift in Sources */,
				083E2FC52045A159009554E2 /* Track.swift in Sources */,
				083E2FC72045A293009554E2 /* Scene.swift in Sources */,
				083E2FB02045A079009554E2 /* GameViewController.swift in Sources */,
				083E2FAE2045A079009554E2 /* AppDelegate.swift in Sources */,
			);
			runOnlyForDeploymentPostprocessing = 0;
		};
/* End PBXSourcesBuildPhase section */

/* Begin PBXVariantGroup section */
		083E2FB52045A079009554E2 /* Main.storyboard */ = {
			isa = PBXVariantGroup;
			children = (
				083E2FB62045A079009554E2 /* Base */,
			);
			name = Main.storyboard;
			sourceTree = "<group>";
		};
/* End PBXVariantGroup section */

/* Begin XCBuildConfiguration section */
		083E2FBA2045A079009554E2 /* Debug */ = {
			isa = XCBuildConfiguration;
			buildSettings = {
				ALWAYS_SEARCH_USER_PATHS = NO;
				CLANG_ANALYZER_NONNULL = YES;
				CLANG_ANALYZER_NUMBER_OBJECT_CONVERSION = YES_AGGRESSIVE;
				CLANG_CXX_LANGUAGE_STANDARD = "gnu++14";
				CLANG_CXX_LIBRARY = "libc++";
				CLANG_ENABLE_MODULES = YES;
				CLANG_ENABLE_OBJC_ARC = YES;
				CLANG_WARN_BLOCK_CAPTURE_AUTORELEASING = YES;
				CLANG_WARN_BOOL_CONVERSION = YES;
				CLANG_WARN_COMMA = YES;
				CLANG_WARN_CONSTANT_CONVERSION = YES;
				CLANG_WARN_DIRECT_OBJC_ISA_USAGE = YES_ERROR;
				CLANG_WARN_DOCUMENTATION_COMMENTS = YES;
				CLANG_WARN_EMPTY_BODY = YES;
				CLANG_WARN_ENUM_CONVERSION = YES;
				CLANG_WARN_INFINITE_RECURSION = YES;
				CLANG_WARN_INT_CONVERSION = YES;
				CLANG_WARN_NON_LITERAL_NULL_CONVERSION = YES;
				CLANG_WARN_OBJC_LITERAL_CONVERSION = YES;
				CLANG_WARN_OBJC_ROOT_CLASS = YES_ERROR;
				CLANG_WARN_RANGE_LOOP_ANALYSIS = YES;
				CLANG_WARN_STRICT_PROTOTYPES = YES;
				CLANG_WARN_SUSPICIOUS_MOVE = YES;
				CLANG_WARN_UNGUARDED_AVAILABILITY = YES_AGGRESSIVE;
				CLANG_WARN_UNREACHABLE_CODE = YES;
				CLANG_WARN__DUPLICATE_METHOD_MATCH = YES;
				CODE_SIGN_IDENTITY = "Mac Developer";
				COPY_PHASE_STRIP = NO;
				DEBUG_INFORMATION_FORMAT = dwarf;
				ENABLE_STRICT_OBJC_MSGSEND = YES;
				ENABLE_TESTABILITY = YES;
				GCC_C_LANGUAGE_STANDARD = gnu11;
				GCC_DYNAMIC_NO_PIC = NO;
				GCC_NO_COMMON_BLOCKS = YES;
				GCC_OPTIMIZATION_LEVEL = 0;
				GCC_PREPROCESSOR_DEFINITIONS = (
					"DEBUG=1",
					"$(inherited)",
				);
				GCC_WARN_64_TO_32_BIT_CONVERSION = YES;
				GCC_WARN_ABOUT_RETURN_TYPE = YES_ERROR;
				GCC_WARN_UNDECLARED_SELECTOR = YES;
				GCC_WARN_UNINITIALIZED_AUTOS = YES_AGGRESSIVE;
				GCC_WARN_UNUSED_FUNCTION = YES;
				GCC_WARN_UNUSED_VARIABLE = YES;
				MACOSX_DEPLOYMENT_TARGET = 10.12;
				MTL_ENABLE_DEBUG_INFO = YES;
				ONLY_ACTIVE_ARCH = YES;
				SDKROOT = macosx;
				SWIFT_ACTIVE_COMPILATION_CONDITIONS = DEBUG;
				SWIFT_OPTIMIZATION_LEVEL = "-Onone";
			};
			name = Debug;
		};
		083E2FBB2045A079009554E2 /* Release */ = {
			isa = XCBuildConfiguration;
			buildSettings = {
				ALWAYS_SEARCH_USER_PATHS = NO;
				CLANG_ANALYZER_NONNULL = YES;
				CLANG_ANALYZER_NUMBER_OBJECT_CONVERSION = YES_AGGRESSIVE;
				CLANG_CXX_LANGUAGE_STANDARD = "gnu++14";
				CLANG_CXX_LIBRARY = "libc++";
				CLANG_ENABLE_MODULES = YES;
				CLANG_ENABLE_OBJC_ARC = YES;
				CLANG_WARN_BLOCK_CAPTURE_AUTORELEASING = YES;
				CLANG_WARN_BOOL_CONVERSION = YES;
				CLANG_WARN_COMMA = YES;
				CLANG_WARN_CONSTANT_CONVERSION = YES;
				CLANG_WARN_DIRECT_OBJC_ISA_USAGE = YES_ERROR;
				CLANG_WARN_DOCUMENTATION_COMMENTS = YES;
				CLANG_WARN_EMPTY_BODY = YES;
				CLANG_WARN_ENUM_CONVERSION = YES;
				CLANG_WARN_INFINITE_RECURSION = YES;
				CLANG_WARN_INT_CONVERSION = YES;
				CLANG_WARN_NON_LITERAL_NULL_CONVERSION = YES;
				CLANG_WARN_OBJC_LITERAL_CONVERSION = YES;
				CLANG_WARN_OBJC_ROOT_CLASS = YES_ERROR;
				CLANG_WARN_RANGE_LOOP_ANALYSIS = YES;
				CLANG_WARN_STRICT_PROTOTYPES = YES;
				CLANG_WARN_SUSPICIOUS_MOVE = YES;
				CLANG_WARN_UNGUARDED_AVAILABILITY = YES_AGGRESSIVE;
				CLANG_WARN_UNREACHABLE_CODE = YES;
				CLANG_WARN__DUPLICATE_METHOD_MATCH = YES;
				CODE_SIGN_IDENTITY = "Mac Developer";
				COPY_PHASE_STRIP = NO;
				DEBUG_INFORMATION_FORMAT = "dwarf-with-dsym";
				ENABLE_NS_ASSERTIONS = NO;
				ENABLE_STRICT_OBJC_MSGSEND = YES;
				GCC_C_LANGUAGE_STANDARD = gnu11;
				GCC_NO_COMMON_BLOCKS = YES;
				GCC_WARN_64_TO_32_BIT_CONVERSION = YES;
				GCC_WARN_ABOUT_RETURN_TYPE = YES_ERROR;
				GCC_WARN_UNDECLARED_SELECTOR = YES;
				GCC_WARN_UNINITIALIZED_AUTOS = YES_AGGRESSIVE;
				GCC_WARN_UNUSED_FUNCTION = YES;
				GCC_WARN_UNUSED_VARIABLE = YES;
				MACOSX_DEPLOYMENT_TARGET = 10.12;
				MTL_ENABLE_DEBUG_INFO = NO;
				SDKROOT = macosx;
				SWIFT_OPTIMIZATION_LEVEL = "-Owholemodule";
			};
			name = Release;
		};
		083E2FBD2045A079009554E2 /* Debug */ = {
			isa = XCBuildConfiguration;
			buildSettings = {
				ASSETCATALOG_COMPILER_APPICON_NAME = AppIcon;
				CODE_SIGN_ENTITLEMENTS = DriftCar/DriftCar.entitlements;
				CODE_SIGN_STYLE = Automatic;
				COMBINE_HIDPI_IMAGES = YES;
				DEVELOPMENT_TEAM = 896SVCD63U;
				INFOPLIST_FILE = DriftCar/Info.plist;
				LD_RUNPATH_SEARCH_PATHS = "$(inherited) @executable_path/../Frameworks";
				PRODUCT_BUNDLE_IDENTIFIER = ovh.ioks.DriftCar;
				PRODUCT_NAME = "$(TARGET_NAME)";
				SWIFT_VERSION = 4.0;
			};
			name = Debug;
		};
		083E2FBE2045A079009554E2 /* Release */ = {
			isa = XCBuildConfiguration;
			buildSettings = {
				ASSETCATALOG_COMPILER_APPICON_NAME = AppIcon;
				CODE_SIGN_ENTITLEMENTS = DriftCar/DriftCar.entitlements;
				CODE_SIGN_STYLE = Automatic;
				COMBINE_HIDPI_IMAGES = YES;
				DEVELOPMENT_TEAM = 896SVCD63U;
				INFOPLIST_FILE = DriftCar/Info.plist;
				LD_RUNPATH_SEARCH_PATHS = "$(inherited) @executable_path/../Frameworks";
				PRODUCT_BUNDLE_IDENTIFIER = ovh.ioks.DriftCar;
				PRODUCT_NAME = "$(TARGET_NAME)";
				SWIFT_VERSION = 4.0;
			};
			name = Release;
		};
/* End XCBuildConfiguration section */

/* Begin XCConfigurationList section */
		083E2FA52045A079009554E2 /* Build configuration list for PBXProject "DriftCar" */ = {
			isa = XCConfigurationList;
			buildConfigurations = (
				083E2FBA2045A079009554E2 /* Debug */,
				083E2FBB2045A079009554E2 /* Release */,
			);
			defaultConfigurationIsVisible = 0;
			defaultConfigurationName = Release;
		};
		083E2FBC2045A079009554E2 /* Build configuration list for PBXNativeTarget "DriftCar" */ = {
			isa = XCConfigurationList;
			buildConfigurations = (
				083E2FBD2045A079009554E2 /* Debug */,
				083E2FBE2045A079009554E2 /* Release */,
			);
			defaultConfigurationIsVisible = 0;
			defaultConfigurationName = Release;
		};
/* End XCConfigurationList section */
	};
	rootObject = 083E2FA22045A079009554E2 /* Project object */;
}
